
Microsoft Visual Studio Solution File, Format Version 12.00
# Visual Studio Version 17
VisualStudioVersion = 17.2.32630.192
MinimumVisualStudioVersion = 10.0.40219.1
Project("{9A19103F-16F7-4668-BE54-9A1E7A4F7556}") = "CoreFramework", "CoreFrame\CoreFramework.csproj", "{27395F6B-BC35-43D6-A7F6-B261F8FD1D34}"
EndProject
Project("{9A19103F-16F7-4668-BE54-9A1E7A4F7556}") = "AutoTest", "AutoTest\AutoTest.csproj", "{D4505104-9673-46A9-B152-974A2E96F2C4}"
EndProject
Global
	GlobalSection(SolutionConfigurationPlatforms) = preSolution
		Debug|Any CPU = Debug|Any CPU
		Release|Any CPU = Release|Any CPU
	EndGlobalSection
	GlobalSection(ProjectConfigurationPlatforms) = postSolution
		{27395F6B-BC35-43D6-A7F6-B261F8FD1D34}.Debug|Any CPU.ActiveCfg = Debug|Any CPU
		{27395F6B-BC35-43D6-A7F6-B261F8FD1D34}.Debug|Any CPU.Build.0 = Debug|Any CPU
		{27395F6B-BC35-43D6-A7F6-B261F8FD1D34}.Release|Any CPU.ActiveCfg = Release|Any CPU
		{27395F6B-BC35-43D6-A7F6-B261F8FD1D34}.Release|Any CPU.Build.0 = Release|Any CPU
		{D4505104-9673-46A9-B152-974A2E96F2C4}.Debug|Any CPU.ActiveCfg = Debug|Any CPU
		{D4505104-9673-46A9-B152-974A2E96F2C4}.Debug|Any CPU.Build.0 = Debug|Any CPU
		{D4505104-9673-46A9-B152-974A2E96F2C4}.Release|Any CPU.ActiveCfg = Release|Any CPU
		{D4505104-9673-46A9-B152-974A2E96F2C4}.Release|Any CPU.Build.0 = Release|Any CPU
	EndGlobalSection
	GlobalSection(SolutionProperties) = preSolution
		HideSolutionNode = FALSE
	EndGlobalSection
	GlobalSection(ExtensibilityGlobals) = postSolution
		SolutionGuid = {CBBC9AF0-97E0-4BDD-BFA2-CE6EFC2181CA}
	EndGlobalSection
EndGlobal
