
Microsoft Visual Studio Solution File, Format Version 12.00
# Visual Studio Version 17
VisualStudioVersion = 17.2.32630.192
MinimumVisualStudioVersion = 10.0.40219.1
Project("{FAE04EC0-301F-11D3-BF4B-00C04F79EFBC}") = "sel2", "sel2\sel2.csproj", "{7069A98E-50E9-4AF5-A918-9A8755E653E0}"
EndProject
Global
	GlobalSection(SolutionConfigurationPlatforms) = preSolution
		Debug|Any CPU = Debug|Any CPU
		Release|Any CPU = Release|Any CPU
	EndGlobalSection
	GlobalSection(ProjectConfigurationPlatforms) = postSolution
		{7069A98E-50E9-4AF5-A918-9A8755E653E0}.Debug|Any CPU.ActiveCfg = Debug|Any CPU
		{7069A98E-50E9-4AF5-A918-9A8755E653E0}.Debug|Any CPU.Build.0 = Debug|Any CPU
		{7069A98E-50E9-4AF5-A918-9A8755E653E0}.Release|Any CPU.ActiveCfg = Release|Any CPU
		{7069A98E-50E9-4AF5-A918-9A8755E653E0}.Release|Any CPU.Build.0 = Release|Any CPU
	EndGlobalSection
	GlobalSection(SolutionProperties) = preSolution
		HideSolutionNode = FALSE
	EndGlobalSection
	GlobalSection(ExtensibilityGlobals) = postSolution
		SolutionGuid = {728E2A71-7F2E-4B78-8BA9-476C0A96AA2F}
	EndGlobalSection
EndGlobal
